
Microsoft Visual Studio Solution File, Format Version 12.00
# Visual Studio Version 17
VisualStudioVersion = 17.10.35013.160
MinimumVisualStudioVersion = 10.0.40219.1
Project("{FAE04EC0-301F-11D3-BF4B-00C04F79EFBC}") = "EscuelaApp", "EscuelaApp\EscuelaApp.csproj", "{29B5B5D4-3990-4854-A8A0-60B48826D0DB}"
EndProject
Project("{FAE04EC0-301F-11D3-BF4B-00C04F79EFBC}") = "EscuelaBL", "EscuelaBL\EscuelaBL.csproj", "{828C6277-895C-425C-AAB0-6231AA0AD925}"
EndProject
Project("{FAE04EC0-301F-11D3-BF4B-00C04F79EFBC}") = "EscuelaBOL", "EscuelaBOL\EscuelaBOL.csproj", "{2D64FE42-04B1-4BB9-BB83-A051B8211648}"
EndProject
Project("{FAE04EC0-301F-11D3-BF4B-00C04F79EFBC}") = "EscuelaDAL", "EscuelaDAL\EscuelaDAL.csproj", "{EC315C82-6ED1-4CE3-BEF0-E57F7EAC486E}"
EndProject
Project("{FAE04EC0-301F-11D3-BF4B-00C04F79EFBC}") = "Asignatura", "Asignatura\Asignatura.csproj", "{2394DE7F-13BC-48EB-8CFF-5AE05AAB4F4C}"
EndProject
Global
	GlobalSection(SolutionConfigurationPlatforms) = preSolution
		Debug|Any CPU = Debug|Any CPU
		Release|Any CPU = Release|Any CPU
	EndGlobalSection
	GlobalSection(ProjectConfigurationPlatforms) = postSolution
		{29B5B5D4-3990-4854-A8A0-60B48826D0DB}.Debug|Any CPU.ActiveCfg = Debug|Any CPU
		{29B5B5D4-3990-4854-A8A0-60B48826D0DB}.Debug|Any CPU.Build.0 = Debug|Any CPU
		{29B5B5D4-3990-4854-A8A0-60B48826D0DB}.Release|Any CPU.ActiveCfg = Release|Any CPU
		{29B5B5D4-3990-4854-A8A0-60B48826D0DB}.Release|Any CPU.Build.0 = Release|Any CPU
		{828C6277-895C-425C-AAB0-6231AA0AD925}.Debug|Any CPU.ActiveCfg = Debug|Any CPU
		{828C6277-895C-425C-AAB0-6231AA0AD925}.Debug|Any CPU.Build.0 = Debug|Any CPU
		{828C6277-895C-425C-AAB0-6231AA0AD925}.Release|Any CPU.ActiveCfg = Release|Any CPU
		{828C6277-895C-425C-AAB0-6231AA0AD925}.Release|Any CPU.Build.0 = Release|Any CPU
		{2D64FE42-04B1-4BB9-BB83-A051B8211648}.Debug|Any CPU.ActiveCfg = Debug|Any CPU
		{2D64FE42-04B1-4BB9-BB83-A051B8211648}.Debug|Any CPU.Build.0 = Debug|Any CPU
		{2D64FE42-04B1-4BB9-BB83-A051B8211648}.Release|Any CPU.ActiveCfg = Release|Any CPU
		{2D64FE42-04B1-4BB9-BB83-A051B8211648}.Release|Any CPU.Build.0 = Release|Any CPU
		{EC315C82-6ED1-4CE3-BEF0-E57F7EAC486E}.Debug|Any CPU.ActiveCfg = Debug|Any CPU
		{EC315C82-6ED1-4CE3-BEF0-E57F7EAC486E}.Debug|Any CPU.Build.0 = Debug|Any CPU
		{EC315C82-6ED1-4CE3-BEF0-E57F7EAC486E}.Release|Any CPU.ActiveCfg = Release|Any CPU
		{EC315C82-6ED1-4CE3-BEF0-E57F7EAC486E}.Release|Any CPU.Build.0 = Release|Any CPU
		{2394DE7F-13BC-48EB-8CFF-5AE05AAB4F4C}.Debug|Any CPU.ActiveCfg = Debug|Any CPU
		{2394DE7F-13BC-48EB-8CFF-5AE05AAB4F4C}.Debug|Any CPU.Build.0 = Debug|Any CPU
		{2394DE7F-13BC-48EB-8CFF-5AE05AAB4F4C}.Release|Any CPU.ActiveCfg = Release|Any CPU
		{2394DE7F-13BC-48EB-8CFF-5AE05AAB4F4C}.Release|Any CPU.Build.0 = Release|Any CPU
	EndGlobalSection
	GlobalSection(SolutionProperties) = preSolution
		HideSolutionNode = FALSE
	EndGlobalSection
	GlobalSection(ExtensibilityGlobals) = postSolution
		SolutionGuid = {491745A2-3D8A-4C20-9CBA-F6EC4A12748B}
	EndGlobalSection
EndGlobal
